{
  "name": "clientside-request",
  "version": "1.0.0",
  "lockfileVersion": 1,
  "requires": true,
  "dependencies": {
    "clientside-require": {
      "version": "3.0.1",
      "resolved": "https://registry.npmjs.org/clientside-require/-/clientside-require-3.0.1.tgz",
      "integrity": "sha512-pQnhRMPIwSe8qGssqcqx4Gz2elJkx/rIHe6cTw8dkMT0/gt+gOrFUXw0yC+GZ7Z48n3oIYmjY+AB6Vs4k/muCw=="
    }
  }
}
