{
  "name": "clientside-request",
  "version": "1.0.2",
  "lockfileVersion": 1,
  "requires": true,
  "dependencies": {
    "clientside-require": {
      "version": "3.0.3",
      "resolved": "https://registry.npmjs.org/clientside-require/-/clientside-require-3.0.3.tgz",
      "integrity": "sha512-nPh9moJq9zDhR0X96HMmLLC0VFUkGuwlSq75AbVai3OdAg4D/VUwE81TgwUK7D7z3U2FW3Gn3oRoJwTdYoJ6Jg=="
    }
  }
}
