{
  "name": "env",
  "version": "1.0.0",
  "lockfileVersion": 1,
  "requires": true,
  "dependencies": {
    "clientside-request": {
      "version": "1.0.0",
      "requires": {
        "clientside-require": "3.0.1"
      },
      "dependencies": {
        "clientside-module-manager": {
          "version": "1.2.0",
          "bundled": true
        },
        "clientside-require": {
          "version": "3.0.1",
          "bundled": true
        }
      }
    },
    "clientside-require": {
      "version": "3.0.1",
      "resolved": "https://registry.npmjs.org/clientside-require/-/clientside-require-3.0.1.tgz",
      "integrity": "sha512-pQnhRMPIwSe8qGssqcqx4Gz2elJkx/rIHe6cTw8dkMT0/gt+gOrFUXw0yC+GZ7Z48n3oIYmjY+AB6Vs4k/muCw=="
    },
    "qs": {
      "version": "6.5.1",
      "resolved": "https://registry.npmjs.org/qs/-/qs-6.5.1.tgz",
      "integrity": "sha512-eRzhrN1WSINYCDCbrz796z37LOe3m5tmW7RQf6oBntukAG1nmovJvhnwHHRMAfeoItc1m2Hk02WER2aQ/iqs+A=="
    }
  }
}
