{
  "name": "demo",
  "version": "1.0.0",
  "lockfileVersion": 1,
  "requires": true,
  "dependencies": {
    "clientside-require": {
      "version": "3.9.7",
      "resolved": "https://registry.npmjs.org/clientside-require/-/clientside-require-3.9.7.tgz",
      "integrity": "sha512-Msee2ZVsH36uKSKM6lIu6vA96LhPde7Sbww7g49BstRuOUcjdLlpfaU7nbaVHh/aIx4vmC7x/OuCuN+5lu7j1Q=="
    }
  }
}
